
Microsoft Visual Studio Solution File, Format Version 12.00
# Visual Studio Version 17
VisualStudioVersion = 17.7.33808.371
MinimumVisualStudioVersion = 10.0.40219.1
Project("{8BC9CEB8-8B4A-11D0-8D11-00A0C91BC942}") = "TriagleStruct", "TriagleStruct\TriagleStruct.vcxproj", "{A1585389-345E-4EAA-BF30-AC9C71EBBD08}"
EndProject
Global
	GlobalSection(SolutionConfigurationPlatforms) = preSolution
		Debug|x64 = Debug|x64
		Debug|x86 = Debug|x86
		Release|x64 = Release|x64
		Release|x86 = Release|x86
	EndGlobalSection
	GlobalSection(ProjectConfigurationPlatforms) = postSolution
		{A1585389-345E-4EAA-BF30-AC9C71EBBD08}.Debug|x64.ActiveCfg = Debug|x64
		{A1585389-345E-4EAA-BF30-AC9C71EBBD08}.Debug|x64.Build.0 = Debug|x64
		{A1585389-345E-4EAA-BF30-AC9C71EBBD08}.Debug|x86.ActiveCfg = Debug|Win32
		{A1585389-345E-4EAA-BF30-AC9C71EBBD08}.Debug|x86.Build.0 = Debug|Win32
		{A1585389-345E-4EAA-BF30-AC9C71EBBD08}.Release|x64.ActiveCfg = Release|x64
		{A1585389-345E-4EAA-BF30-AC9C71EBBD08}.Release|x64.Build.0 = Release|x64
		{A1585389-345E-4EAA-BF30-AC9C71EBBD08}.Release|x86.ActiveCfg = Release|Win32
		{A1585389-345E-4EAA-BF30-AC9C71EBBD08}.Release|x86.Build.0 = Release|Win32
	EndGlobalSection
	GlobalSection(SolutionProperties) = preSolution
		HideSolutionNode = FALSE
	EndGlobalSection
	GlobalSection(ExtensibilityGlobals) = postSolution
		SolutionGuid = {57AC5B77-49EB-4CAB-B6F8-D16B86C8A6E1}
	EndGlobalSection
EndGlobal
